
Microsoft Visual Studio Solution File, Format Version 12.00
# Visual Studio Version 17
VisualStudioVersion = 17.5.002.0
MinimumVisualStudioVersion = 10.0.40219.1
Project("{9A19103F-16F7-4668-BE54-9A1E7A4F7556}") = "FunctionTest", "FunctionTest.csproj", "{94A05D04-9ED8-452C-B3D5-EB0DB06E5482}"
EndProject
Global
	GlobalSection(SolutionConfigurationPlatforms) = preSolution
		Debug|Any CPU = Debug|Any CPU
		Release|Any CPU = Release|Any CPU
	EndGlobalSection
	GlobalSection(ProjectConfigurationPlatforms) = postSolution
		{94A05D04-9ED8-452C-B3D5-EB0DB06E5482}.Debug|Any CPU.ActiveCfg = Debug|Any CPU
		{94A05D04-9ED8-452C-B3D5-EB0DB06E5482}.Debug|Any CPU.Build.0 = Debug|Any CPU
		{94A05D04-9ED8-452C-B3D5-EB0DB06E5482}.Release|Any CPU.ActiveCfg = Release|Any CPU
		{94A05D04-9ED8-452C-B3D5-EB0DB06E5482}.Release|Any CPU.Build.0 = Release|Any CPU
	EndGlobalSection
	GlobalSection(SolutionProperties) = preSolution
		HideSolutionNode = FALSE
	EndGlobalSection
	GlobalSection(ExtensibilityGlobals) = postSolution
		SolutionGuid = {0731F586-AE23-4B4B-8841-EFEA3F0BC6A5}
	EndGlobalSection
EndGlobal
